// !$*UTF8*$!
{
	archiveVersion = 1;
	classes = {
	};
	objectVersion = 50;
	objects = {

/* Begin PBXBuildFile section */
		AB9ACA632683F33600DD51E8 /* AppDelegate.swift in Sources */ = {isa = PBXBuildFile; fileRef = AB9ACA622683F33600DD51E8 /* AppDelegate.swift */; };
		AB9ACA652683F33600DD51E8 /* SceneDelegate.swift in Sources */ = {isa = PBXBuildFile; fileRef = AB9ACA642683F33600DD51E8 /* SceneDelegate.swift */; };
		AB9ACA672683F33600DD51E8 /* ViewController.swift in Sources */ = {isa = PBXBuildFile; fileRef = AB9ACA662683F33600DD51E8 /* ViewController.swift */; };
		AB9ACA6A2683F33600DD51E8 /* Main.storyboard in Resources */ = {isa = PBXBuildFile; fileRef = AB9ACA682683F33600DD51E8 /* Main.storyboard */; };
		AB9ACA6C2683F33700DD51E8 /* Assets.xcassets in Resources */ = {isa = PBXBuildFile; fileRef = AB9ACA6B2683F33700DD51E8 /* Assets.xcassets */; };
		AB9ACA6F2683F33700DD51E8 /* LaunchScreen.storyboard in Resources */ = {isa = PBXBuildFile; fileRef = AB9ACA6D2683F33700DD51E8 /* LaunchScreen.storyboard */; };
		AB9ACA7A2683F33700DD51E8 /* Mini_Project_1Tests.swift in Sources */ = {isa = PBXBuildFile; fileRef = AB9ACA792683F33700DD51E8 /* Mini_Project_1Tests.swift */; };
		AB9ACA852683F33700DD51E8 /* Mini_Project_1UITests.swift in Sources */ = {isa = PBXBuildFile; fileRef = AB9ACA842683F33700DD51E8 /* Mini_Project_1UITests.swift */; };
/* End PBXBuildFile section */

/* Begin PBXContainerItemProxy section */
		AB9ACA762683F33700DD51E8 /* PBXContainerItemProxy */ = {
			isa = PBXContainerItemProxy;
			containerPortal = AB9ACA572683F33600DD51E8 /* Project object */;
			proxyType = 1;
			remoteGlobalIDString = AB9ACA5E2683F33600DD51E8;
			remoteInfo = "Mini Project 1";
		};
		AB9ACA812683F33700DD51E8 /* PBXContainerItemProxy */ = {
			isa = PBXContainerItemProxy;
			containerPortal = AB9ACA572683F33600DD51E8 /* Project object */;
			proxyType = 1;
			remoteGlobalIDString = AB9ACA5E2683F33600DD51E8;
			remoteInfo = "Mini Project 1";
		};
/* End PBXContainerItemProxy section */

/* Begin PBXFileReference section */
		AB9ACA5F2683F33600DD51E8 /* Mini Project 1.app */ = {isa = PBXFileReference; explicitFileType = wrapper.application; includeInIndex = 0; path = "Mini Project 1.app"; sourceTree = BUILT_PRODUCTS_DIR; };
		AB9ACA622683F33600DD51E8 /* AppDelegate.swift */ = {isa = PBXFileReference; lastKnownFileType = sourcecode.swift; path = AppDelegate.swift; sourceTree = "<group>"; };
		AB9ACA642683F33600DD51E8 /* SceneDelegate.swift */ = {isa = PBXFileReference; lastKnownFileType = sourcecode.swift; path = SceneDelegate.swift; sourceTree = "<group>"; };
		AB9ACA662683F33600DD51E8 /* ViewController.swift */ = {isa = PBXFileReference; lastKnownFileType = sourcecode.swift; path = ViewController.swift; sourceTree = "<group>"; };
		AB9ACA692683F33600DD51E8 /* Base */ = {isa = PBXFileReference; lastKnownFileType = file.storyboard; name = Base; path = Base.lproj/Main.storyboard; sourceTree = "<group>"; };
		AB9ACA6B2683F33700DD51E8 /* Assets.xcassets */ = {isa = PBXFileReference; lastKnownFileType = folder.assetcatalog; path = Assets.xcassets; sourceTree = "<group>"; };
		AB9ACA6E2683F33700DD51E8 /* Base */ = {isa = PBXFileReference; lastKnownFileType = file.storyboard; name = Base; path = Base.lproj/LaunchScreen.storyboard; sourceTree = "<group>"; };
		AB9ACA702683F33700DD51E8 /* Info.plist */ = {isa = PBXFileReference; lastKnownFileType = text.plist.xml; path = Info.plist; sourceTree = "<group>"; };
		AB9ACA752683F33700DD51E8 /* Mini Project 1Tests.xctest */ = {isa = PBXFileReference; explicitFileType = wrapper.cfbundle; includeInIndex = 0; path = "Mini Project 1Tests.xctest"; sourceTree = BUILT_PRODUCTS_DIR; };
		AB9ACA792683F33700DD51E8 /* Mini_Project_1Tests.swift */ = {isa = PBXFileReference; lastKnownFileType = sourcecode.swift; path = Mini_Project_1Tests.swift; sourceTree = "<group>"; };
		AB9ACA7B2683F33700DD51E8 /* Info.plist */ = {isa = PBXFileReference; lastKnownFileType = text.plist.xml; path = Info.plist; sourceTree = "<group>"; };
		AB9ACA802683F33700DD51E8 /* Mini Project 1UITests.xctest */ = {isa = PBXFileReference; explicitFileType = wrapper.cfbundle; includeInIndex = 0; path = "Mini Project 1UITests.xctest"; sourceTree = BUILT_PRODUCTS_DIR; };
		AB9ACA842683F33700DD51E8 /* Mini_Project_1UITests.swift */ = {isa = PBXFileReference; lastKnownFileType = sourcecode.swift; path = Mini_Project_1UITests.swift; sourceTree = "<group>"; };
		AB9ACA862683F33700DD51E8 /* Info.plist */ = {isa = PBXFileReference; lastKnownFileType = text.plist.xml; path = Info.plist; sourceTree = "<group>"; };
/* End PBXFileReference section */

/* Begin PBXFrameworksBuildPhase section */
		AB9ACA5C2683F33600DD51E8 /* Frameworks */ = {
			isa = PBXFrameworksBuildPhase;
			buildActionMask = 2147483647;
			files = (
			);
			runOnlyForDeploymentPostprocessing = 0;
		};
		AB9ACA722683F33700DD51E8 /* Frameworks */ = {
			isa = PBXFrameworksBuildPhase;
			buildActionMask = 2147483647;
			files = (
			);
			runOnlyForDeploymentPostprocessing = 0;
		};
		AB9ACA7D2683F33700DD51E8 /* Frameworks */ = {
			isa = PBXFrameworksBuildPhase;
			buildActionMask = 2147483647;
			files = (
			);
			runOnlyForDeploymentPostprocessing = 0;
		};
/* End PBXFrameworksBuildPhase section */

/* Begin PBXGroup section */
		AB9ACA562683F33600DD51E8 = {
			isa = PBXGroup;
			children = (
				AB9ACA612683F33600DD51E8 /* Mini Project 1 */,
				AB9ACA782683F33700DD51E8 /* Mini Project 1Tests */,
				AB9ACA832683F33700DD51E8 /* Mini Project 1UITests */,
				AB9ACA602683F33600DD51E8 /* Products */,
			);
			sourceTree = "<group>";
		};
		AB9ACA602683F33600DD51E8 /* Products */ = {
			isa = PBXGroup;
			children = (
				AB9ACA5F2683F33600DD51E8 /* Mini Project 1.app */,
				AB9ACA752683F33700DD51E8 /* Mini Project 1Tests.xctest */,
				AB9ACA802683F33700DD51E8 /* Mini Project 1UITests.xctest */,
			);
			name = Products;
			sourceTree = "<group>";
		};
		AB9ACA612683F33600DD51E8 /* Mini Project 1 */ = {
			isa = PBXGroup;
			children = (
				AB9ACA622683F33600DD51E8 /* AppDelegate.swift */,
				AB9ACA642683F33600DD51E8 /* SceneDelegate.swift */,
				AB9ACA662683F33600DD51E8 /* ViewController.swift */,
				AB9ACA682683F33600DD51E8 /* Main.storyboard */,
				AB9ACA6B2683F33700DD51E8 /* Assets.xcassets */,
				AB9ACA6D2683F33700DD51E8 /* LaunchScreen.storyboard */,
				AB9ACA702683F33700DD51E8 /* Info.plist */,
			);
			path = "Mini Project 1";
			sourceTree = "<group>";
		};
		AB9ACA782683F33700DD51E8 /* Mini Project 1Tests */ = {
			isa = PBXGroup;
			children = (
				AB9ACA792683F33700DD51E8 /* Mini_Project_1Tests.swift */,
				AB9ACA7B2683F33700DD51E8 /* Info.plist */,
			);
			path = "Mini Project 1Tests";
			sourceTree = "<group>";
		};
		AB9ACA832683F33700DD51E8 /* Mini Project 1UITests */ = {
			isa = PBXGroup;
			children = (
				AB9ACA842683F33700DD51E8 /* Mini_Project_1UITests.swift */,
				AB9ACA862683F33700DD51E8 /* Info.plist */,
			);
			path = "Mini Project 1UITests";
			sourceTree = "<group>";
		};
/* End PBXGroup section */

/* Begin PBXNativeTarget section */
		AB9ACA5E2683F33600DD51E8 /* Mini Project 1 */ = {
			isa = PBXNativeTarget;
			buildConfigurationList = AB9ACA892683F33700DD51E8 /* Build configuration list for PBXNativeTarget "Mini Project 1" */;
			buildPhases = (
				AB9ACA5B2683F33600DD51E8 /* Sources */,
				AB9ACA5C2683F33600DD51E8 /* Frameworks */,
				AB9ACA5D2683F33600DD51E8 /* Resources */,
			);
			buildRules = (
			);
			dependencies = (
			);
			name = "Mini Project 1";
			productName = "Mini Project 1";
			productReference = AB9ACA5F2683F33600DD51E8 /* Mini Project 1.app */;
			productType = "com.apple.product-type.application";
		};
		AB9ACA742683F33700DD51E8 /* Mini Project 1Tests */ = {
			isa = PBXNativeTarget;
			buildConfigurationList = AB9ACA8C2683F33700DD51E8 /* Build configuration list for PBXNativeTarget "Mini Project 1Tests" */;
			buildPhases = (
				AB9ACA712683F33700DD51E8 /* Sources */,
				AB9ACA722683F33700DD51E8 /* Frameworks */,
				AB9ACA732683F33700DD51E8 /* Resources */,
			);
			buildRules = (
			);
			dependencies = (
				AB9ACA772683F33700DD51E8 /* PBXTargetDependency */,
			);
			name = "Mini Project 1Tests";
			productName = "Mini Project 1Tests";
			productReference = AB9ACA752683F33700DD51E8 /* Mini Project 1Tests.xctest */;
			productType = "com.apple.product-type.bundle.unit-test";
		};
		AB9ACA7F2683F33700DD51E8 /* Mini Project 1UITests */ = {
			isa = PBXNativeTarget;
			buildConfigurationList = AB9ACA8F2683F33700DD51E8 /* Build configuration list for PBXNativeTarget "Mini Project 1UITests" */;
			buildPhases = (
				AB9ACA7C2683F33700DD51E8 /* Sources */,
				AB9ACA7D2683F33700DD51E8 /* Frameworks */,
				AB9ACA7E2683F33700DD51E8 /* Resources */,
			);
			buildRules = (
			);
			dependencies = (
				AB9ACA822683F33700DD51E8 /* PBXTargetDependency */,
			);
			name = "Mini Project 1UITests";
			productName = "Mini Project 1UITests";
			productReference = AB9ACA802683F33700DD51E8 /* Mini Project 1UITests.xctest */;
			productType = "com.apple.product-type.bundle.ui-testing";
		};
/* End PBXNativeTarget section */

/* Begin PBXProject section */
		AB9ACA572683F33600DD51E8 /* Project object */ = {
			isa = PBXProject;
			attributes = {
				LastSwiftUpdateCheck = 1250;
				LastUpgradeCheck = 1250;
				TargetAttributes = {
					AB9ACA5E2683F33600DD51E8 = {
						CreatedOnToolsVersion = 12.5.1;
					};
					AB9ACA742683F33700DD51E8 = {
						CreatedOnToolsVersion = 12.5.1;
						TestTargetID = AB9ACA5E2683F33600DD51E8;
					};
					AB9ACA7F2683F33700DD51E8 = {
						CreatedOnToolsVersion = 12.5.1;
						TestTargetID = AB9ACA5E2683F33600DD51E8;
					};
				};
			};
			buildConfigurationList = AB9ACA5A2683F33600DD51E8 /* Build configuration list for PBXProject "Mini Project 1" */;
			compatibilityVersion = "Xcode 9.3";
			developmentRegion = en;
			hasScannedForEncodings = 0;
			knownRegions = (
				en,
				Base,
			);
			mainGroup = AB9ACA562683F33600DD51E8;
			productRefGroup = AB9ACA602683F33600DD51E8 /* Products */;
			projectDirPath = "";
			projectRoot = "";
			targets = (
				AB9ACA5E2683F33600DD51E8 /* Mini Project 1 */,
				AB9ACA742683F33700DD51E8 /* Mini Project 1Tests */,
				AB9ACA7F2683F33700DD51E8 /* Mini Project 1UITests */,
			);
		};
/* End PBXProject section */

/* Begin PBXResourcesBuildPhase section */
		AB9ACA5D2683F33600DD51E8 /* Resources */ = {
			isa = PBXResourcesBuildPhase;
			buildActionMask = 2147483647;
			files = (
				AB9ACA6F2683F33700DD51E8 /* LaunchScreen.storyboard in Resources */,
				AB9ACA6C2683F33700DD51E8 /* Assets.xcassets in Resources */,
				AB9ACA6A2683F33600DD51E8 /* Main.storyboard in Resources */,
			);
			runOnlyForDeploymentPostprocessing = 0;
		};
		AB9ACA732683F33700DD51E8 /* Resources */ = {
			isa = PBXResourcesBuildPhase;
			buildActionMask = 2147483647;
			files = (
			);
			runOnlyForDeploymentPostprocessing = 0;
		};
		AB9ACA7E2683F33700DD51E8 /* Resources */ = {
			isa = PBXResourcesBuildPhase;
			buildActionMask = 2147483647;
			files = (
			);
			runOnlyForDeploymentPostprocessing = 0;
		};
/* End PBXResourcesBuildPhase section */

/* Begin PBXSourcesBuildPhase section */
		AB9ACA5B2683F33600DD51E8 /* Sources */ = {
			isa = PBXSourcesBuildPhase;
			buildActionMask = 2147483647;
			files = (
				AB9ACA672683F33600DD51E8 /* ViewController.swift in Sources */,
				AB9ACA632683F33600DD51E8 /* AppDelegate.swift in Sources */,
				AB9ACA652683F33600DD51E8 /* SceneDelegate.swift in Sources */,
			);
			runOnlyForDeploymentPostprocessing = 0;
		};
		AB9ACA712683F33700DD51E8 /* Sources */ = {
			isa = PBXSourcesBuildPhase;
			buildActionMask = 2147483647;
			files = (
				AB9ACA7A2683F33700DD51E8 /* Mini_Project_1Tests.swift in Sources */,
			);
			runOnlyForDeploymentPostprocessing = 0;
		};
		AB9ACA7C2683F33700DD51E8 /* Sources */ = {
			isa = PBXSourcesBuildPhase;
			buildActionMask = 2147483647;
			files = (
				AB9ACA852683F33700DD51E8 /* Mini_Project_1UITests.swift in Sources */,
			);
			runOnlyForDeploymentPostprocessing = 0;
		};
/* End PBXSourcesBuildPhase section */

/* Begin PBXTargetDependency section */
		AB9ACA772683F33700DD51E8 /* PBXTargetDependency */ = {
			isa = PBXTargetDependency;
			target = AB9ACA5E2683F33600DD51E8 /* Mini Project 1 */;
			targetProxy = AB9ACA762683F33700DD51E8 /* PBXContainerItemProxy */;
		};
		AB9ACA822683F33700DD51E8 /* PBXTargetDependency */ = {
			isa = PBXTargetDependency;
			target = AB9ACA5E2683F33600DD51E8 /* Mini Project 1 */;
			targetProxy = AB9ACA812683F33700DD51E8 /* PBXContainerItemProxy */;
		};
/* End PBXTargetDependency section */

/* Begin PBXVariantGroup section */
		AB9ACA682683F33600DD51E8 /* Main.storyboard */ = {
			isa = PBXVariantGroup;
			children = (
				AB9ACA692683F33600DD51E8 /* Base */,
			);
			name = Main.storyboard;
			sourceTree = "<group>";
		};
		AB9ACA6D2683F33700DD51E8 /* LaunchScreen.storyboard */ = {
			isa = PBXVariantGroup;
			children = (
				AB9ACA6E2683F33700DD51E8 /* Base */,
			);
			name = LaunchScreen.storyboard;
			sourceTree = "<group>";
		};
/* End PBXVariantGroup section */

/* Begin XCBuildConfiguration section */
		AB9ACA872683F33700DD51E8 /* Debug */ = {
			isa = XCBuildConfiguration;
			buildSettings = {
				ALWAYS_SEARCH_USER_PATHS = NO;
				CLANG_ANALYZER_NONNULL = YES;
				CLANG_ANALYZER_NUMBER_OBJECT_CONVERSION = YES_AGGRESSIVE;
				CLANG_CXX_LANGUAGE_STANDARD = "gnu++14";
				CLANG_CXX_LIBRARY = "libc++";
				CLANG_ENABLE_MODULES = YES;
				CLANG_ENABLE_OBJC_ARC = YES;
				CLANG_ENABLE_OBJC_WEAK = YES;
				CLANG_WARN_BLOCK_CAPTURE_AUTORELEASING = YES;
				CLANG_WARN_BOOL_CONVERSION = YES;
				CLANG_WARN_COMMA = YES;
				CLANG_WARN_CONSTANT_CONVERSION = YES;
				CLANG_WARN_DEPRECATED_OBJC_IMPLEMENTATIONS = YES;
				CLANG_WARN_DIRECT_OBJC_ISA_USAGE = YES_ERROR;
				CLANG_WARN_DOCUMENTATION_COMMENTS = YES;
				CLANG_WARN_EMPTY_BODY = YES;
				CLANG_WARN_ENUM_CONVERSION = YES;
				CLANG_WARN_INFINITE_RECURSION = YES;
				CLANG_WARN_INT_CONVERSION = YES;
				CLANG_WARN_NON_LITERAL_NULL_CONVERSION = YES;
				CLANG_WARN_OBJC_IMPLICIT_RETAIN_SELF = YES;
				CLANG_WARN_OBJC_LITERAL_CONVERSION = YES;
				CLANG_WARN_OBJC_ROOT_CLASS = YES_ERROR;
				CLANG_WARN_QUOTED_INCLUDE_IN_FRAMEWORK_HEADER = YES;
				CLANG_WARN_RANGE_LOOP_ANALYSIS = YES;
				CLANG_WARN_STRICT_PROTOTYPES = YES;
				CLANG_WARN_SUSPICIOUS_MOVE = YES;
				CLANG_WARN_UNGUARDED_AVAILABILITY = YES_AGGRESSIVE;
				CLANG_WARN_UNREACHABLE_CODE = YES;
				CLANG_WARN__DUPLICATE_METHOD_MATCH = YES;
				COPY_PHASE_STRIP = NO;
				DEBUG_INFORMATION_FORMAT = dwarf;
				ENABLE_STRICT_OBJC_MSGSEND = YES;
				ENABLE_TESTABILITY = YES;
				GCC_C_LANGUAGE_STANDARD = gnu11;
				GCC_DYNAMIC_NO_PIC = NO;
				GCC_NO_COMMON_BLOCKS = YES;
				GCC_OPTIMIZATION_LEVEL = 0;
				GCC_PREPROCESSOR_DEFINITIONS = (
					"DEBUG=1",
					"$(inherited)",
				);
				GCC_WARN_64_TO_32_BIT_CONVERSION = YES;
				GCC_WARN_ABOUT_RETURN_TYPE = YES_ERROR;
				GCC_WARN_UNDECLARED_SELECTOR = YES;
				GCC_WARN_UNINITIALIZED_AUTOS = YES_AGGRESSIVE;
				GCC_WARN_UNUSED_FUNCTION = YES;
				GCC_WARN_UNUSED_VARIABLE = YES;
				IPHONEOS_DEPLOYMENT_TARGET = 14.5;
				MTL_ENABLE_DEBUG_INFO = INCLUDE_SOURCE;
				MTL_FAST_MATH = YES;
				ONLY_ACTIVE_ARCH = YES;
				SDKROOT = iphoneos;
				SWIFT_ACTIVE_COMPILATION_CONDITIONS = DEBUG;
				SWIFT_OPTIMIZATION_LEVEL = "-Onone";
			};
			name = Debug;
		};
		AB9ACA882683F33700DD51E8 /* Release */ = {
			isa = XCBuildConfiguration;
			buildSettings = {
				ALWAYS_SEARCH_USER_PATHS = NO;
				CLANG_ANALYZER_NONNULL = YES;
				CLANG_ANALYZER_NUMBER_OBJECT_CONVERSION = YES_AGGRESSIVE;
				CLANG_CXX_LANGUAGE_STANDARD = "gnu++14";
				CLANG_CXX_LIBRARY = "libc++";
				CLANG_ENABLE_MODULES = YES;
				CLANG_ENABLE_OBJC_ARC = YES;
				CLANG_ENABLE_OBJC_WEAK = YES;
				CLANG_WARN_BLOCK_CAPTURE_AUTORELEASING = YES;
				CLANG_WARN_BOOL_CONVERSION = YES;
				CLANG_WARN_COMMA = YES;
				CLANG_WARN_CONSTANT_CONVERSION = YES;
				CLANG_WARN_DEPRECATED_OBJC_IMPLEMENTATIONS = YES;
				CLANG_WARN_DIRECT_OBJC_ISA_USAGE = YES_ERROR;
				CLANG_WARN_DOCUMENTATION_COMMENTS = YES;
				CLANG_WARN_EMPTY_BODY = YES;
				CLANG_WARN_ENUM_CONVERSION = YES;
				CLANG_WARN_INFINITE_RECURSION = YES;
				CLANG_WARN_INT_CONVERSION = YES;
				CLANG_WARN_NON_LITERAL_NULL_CONVERSION = YES;
				CLANG_WARN_OBJC_IMPLICIT_RETAIN_SELF = YES;
				CLANG_WARN_OBJC_LITERAL_CONVERSION = YES;
				CLANG_WARN_OBJC_ROOT_CLASS = YES_ERROR;
				CLANG_WARN_QUOTED_INCLUDE_IN_FRAMEWORK_HEADER = YES;
				CLANG_WARN_RANGE_LOOP_ANALYSIS = YES;
				CLANG_WARN_STRICT_PROTOTYPES = YES;
				CLANG_WARN_SUSPICIOUS_MOVE = YES;
				CLANG_WARN_UNGUARDED_AVAILABILITY = YES_AGGRESSIVE;
				CLANG_WARN_UNREACHABLE_CODE = YES;
				CLANG_WARN__DUPLICATE_METHOD_MATCH = YES;
				COPY_PHASE_STRIP = NO;
				DEBUG_INFORMATION_FORMAT = "dwarf-with-dsym";
				ENABLE_NS_ASSERTIONS = NO;
				ENABLE_STRICT_OBJC_MSGSEND = YES;
				GCC_C_LANGUAGE_STANDARD = gnu11;
				GCC_NO_COMMON_BLOCKS = YES;
				GCC_WARN_64_TO_32_BIT_CONVERSION = YES;
				GCC_WARN_ABOUT_RETURN_TYPE = YES_ERROR;
				GCC_WARN_UNDECLARED_SELECTOR = YES;
				GCC_WARN_UNINITIALIZED_AUTOS = YES_AGGRESSIVE;
				GCC_WARN_UNUSED_FUNCTION = YES;
				GCC_WARN_UNUSED_VARIABLE = YES;
				IPHONEOS_DEPLOYMENT_TARGET = 14.5;
				MTL_ENABLE_DEBUG_INFO = NO;
				MTL_FAST_MATH = YES;
				SDKROOT = iphoneos;
				SWIFT_COMPILATION_MODE = wholemodule;
				SWIFT_OPTIMIZATION_LEVEL = "-O";
				VALIDATE_PRODUCT = YES;
			};
			name = Release;
		};
		AB9ACA8A2683F33700DD51E8 /* Debug */ = {
			isa = XCBuildConfiguration;
			buildSettings = {
				ASSETCATALOG_COMPILER_APPICON_NAME = AppIcon;
				ASSETCATALOG_COMPILER_GLOBAL_ACCENT_COLOR_NAME = AccentColor;
				CODE_SIGN_STYLE = Automatic;
				INFOPLIST_FILE = "Mini Project 1/Info.plist";
				LD_RUNPATH_SEARCH_PATHS = (
					"$(inherited)",
					"@executable_path/Frameworks",
				);
				PRODUCT_BUNDLE_IDENTIFIER = "Caitlin-Ramiscal.Mini-Project-1";
				PRODUCT_NAME = "$(TARGET_NAME)";
				SWIFT_VERSION = 5.0;
				TARGETED_DEVICE_FAMILY = "1,2";
			};
			name = Debug;
		};
		AB9ACA8B2683F33700DD51E8 /* Release */ = {
			isa = XCBuildConfiguration;
			buildSettings = {
				ASSETCATALOG_COMPILER_APPICON_NAME = AppIcon;
				ASSETCATALOG_COMPILER_GLOBAL_ACCENT_COLOR_NAME = AccentColor;
				CODE_SIGN_STYLE = Automatic;
				INFOPLIST_FILE = "Mini Project 1/Info.plist";
				LD_RUNPATH_SEARCH_PATHS = (
					"$(inherited)",
					"@executable_path/Frameworks",
				);
				PRODUCT_BUNDLE_IDENTIFIER = "Caitlin-Ramiscal.Mini-Project-1";
				PRODUCT_NAME = "$(TARGET_NAME)";
				SWIFT_VERSION = 5.0;
				TARGETED_DEVICE_FAMILY = "1,2";
			};
			name = Release;
		};
		AB9ACA8D2683F33700DD51E8 /* Debug */ = {
			isa = XCBuildConfiguration;
			buildSettings = {
				ALWAYS_EMBED_SWIFT_STANDARD_LIBRARIES = YES;
				BUNDLE_LOADER = "$(TEST_HOST)";
				CODE_SIGN_STYLE = Automatic;
				INFOPLIST_FILE = "Mini Project 1Tests/Info.plist";
				IPHONEOS_DEPLOYMENT_TARGET = 14.5;
				LD_RUNPATH_SEARCH_PATHS = (
					"$(inherited)",
					"@executable_path/Frameworks",
					"@loader_path/Frameworks",
				);
				PRODUCT_BUNDLE_IDENTIFIER = "Caitlin-Ramiscal.Mini-Project-1Tests";
				PRODUCT_NAME = "$(TARGET_NAME)";
				SWIFT_VERSION = 5.0;
				TARGETED_DEVICE_FAMILY = "1,2";
				TEST_HOST = "$(BUILT_PRODUCTS_DIR)/Mini Project 1.app/Mini Project 1";
			};
			name = Debug;
		};
		AB9ACA8E2683F33700DD51E8 /* Release */ = {
			isa = XCBuildConfiguration;
			buildSettings = {
				ALWAYS_EMBED_SWIFT_STANDARD_LIBRARIES = YES;
				BUNDLE_LOADER = "$(TEST_HOST)";
				CODE_SIGN_STYLE = Automatic;
				INFOPLIST_FILE = "Mini Project 1Tests/Info.plist";
				IPHONEOS_DEPLOYMENT_TARGET = 14.5;
				LD_RUNPATH_SEARCH_PATHS = (
					"$(inherited)",
					"@executable_path/Frameworks",
					"@loader_path/Frameworks",
				);
				PRODUCT_BUNDLE_IDENTIFIER = "Caitlin-Ramiscal.Mini-Project-1Tests";
				PRODUCT_NAME = "$(TARGET_NAME)";
				SWIFT_VERSION = 5.0;
				TARGETED_DEVICE_FAMILY = "1,2";
				TEST_HOST = "$(BUILT_PRODUCTS_DIR)/Mini Project 1.app/Mini Project 1";
			};
			name = Release;
		};
		AB9ACA902683F33700DD51E8 /* Debug */ = {
			isa = XCBuildConfiguration;
			buildSettings = {
				ALWAYS_EMBED_SWIFT_STANDARD_LIBRARIES = YES;
				CODE_SIGN_STYLE = Automatic;
				INFOPLIST_FILE = "Mini Project 1UITests/Info.plist";
				LD_RUNPATH_SEARCH_PATHS = (
					"$(inherited)",
					"@executable_path/Frameworks",
					"@loader_path/Frameworks",
				);
				PRODUCT_BUNDLE_IDENTIFIER = "Caitlin-Ramiscal.Mini-Project-1UITests";
				PRODUCT_NAME = "$(TARGET_NAME)";
				SWIFT_VERSION = 5.0;
				TARGETED_DEVICE_FAMILY = "1,2";
				TEST_TARGET_NAME = "Mini Project 1";
			};
			name = Debug;
		};
		AB9ACA912683F33700DD51E8 /* Release */ = {
			isa = XCBuildConfiguration;
			buildSettings = {
				ALWAYS_EMBED_SWIFT_STANDARD_LIBRARIES = YES;
				CODE_SIGN_STYLE = Automatic;
				INFOPLIST_FILE = "Mini Project 1UITests/Info.plist";
				LD_RUNPATH_SEARCH_PATHS = (
					"$(inherited)",
					"@executable_path/Frameworks",
					"@loader_path/Frameworks",
				);
				PRODUCT_BUNDLE_IDENTIFIER = "Caitlin-Ramiscal.Mini-Project-1UITests";
				PRODUCT_NAME = "$(TARGET_NAME)";
				SWIFT_VERSION = 5.0;
				TARGETED_DEVICE_FAMILY = "1,2";
				TEST_TARGET_NAME = "Mini Project 1";
			};
			name = Release;
		};
/* End XCBuildConfiguration section */

/* Begin XCConfigurationList section */
		AB9ACA5A2683F33600DD51E8 /* Build configuration list for PBXProject "Mini Project 1" */ = {
			isa = XCConfigurationList;
			buildConfigurations = (
				AB9ACA872683F33700DD51E8 /* Debug */,
				AB9ACA882683F33700DD51E8 /* Release */,
			);
			defaultConfigurationIsVisible = 0;
			defaultConfigurationName = Release;
		};
		AB9ACA892683F33700DD51E8 /* Build configuration list for PBXNativeTarget "Mini Project 1" */ = {
			isa = XCConfigurationList;
			buildConfigurations = (
				AB9ACA8A2683F33700DD51E8 /* Debug */,
				AB9ACA8B2683F33700DD51E8 /* Release */,
			);
			defaultConfigurationIsVisible = 0;
			defaultConfigurationName = Release;
		};
		AB9ACA8C2683F33700DD51E8 /* Build configuration list for PBXNativeTarget "Mini Project 1Tests" */ = {
			isa = XCConfigurationList;
			buildConfigurations = (
				AB9ACA8D2683F33700DD51E8 /* Debug */,
				AB9ACA8E2683F33700DD51E8 /* Release */,
			);
			defaultConfigurationIsVisible = 0;
			defaultConfigurationName = Release;
		};
		AB9ACA8F2683F33700DD51E8 /* Build configuration list for PBXNativeTarget "Mini Project 1UITests" */ = {
			isa = XCConfigurationList;
			buildConfigurations = (
				AB9ACA902683F33700DD51E8 /* Debug */,
				AB9ACA912683F33700DD51E8 /* Release */,
			);
			defaultConfigurationIsVisible = 0;
			defaultConfigurationName = Release;
		};
/* End XCConfigurationList section */
	};
	rootObject = AB9ACA572683F33600DD51E8 /* Project object */;
}
