// !$*UTF8*$!
{
	archiveVersion = 1;
	classes = {
	};
	objectVersion = 50;
	objects = {

/* Begin PBXBuildFile section */
		AB1B8D252684F8C200B42FB5 /* AppDelegate.swift in Sources */ = {isa = PBXBuildFile; fileRef = AB1B8D242684F8C200B42FB5 /* AppDelegate.swift */; };
		AB1B8D272684F8C200B42FB5 /* SceneDelegate.swift in Sources */ = {isa = PBXBuildFile; fileRef = AB1B8D262684F8C200B42FB5 /* SceneDelegate.swift */; };
		AB1B8D292684F8C200B42FB5 /* ViewController.swift in Sources */ = {isa = PBXBuildFile; fileRef = AB1B8D282684F8C200B42FB5 /* ViewController.swift */; };
		AB1B8D2C2684F8C200B42FB5 /* Main.storyboard in Resources */ = {isa = PBXBuildFile; fileRef = AB1B8D2A2684F8C200B42FB5 /* Main.storyboard */; };
		AB1B8D2E2684F8C300B42FB5 /* Assets.xcassets in Resources */ = {isa = PBXBuildFile; fileRef = AB1B8D2D2684F8C300B42FB5 /* Assets.xcassets */; };
		AB1B8D312684F8C300B42FB5 /* LaunchScreen.storyboard in Resources */ = {isa = PBXBuildFile; fileRef = AB1B8D2F2684F8C300B42FB5 /* LaunchScreen.storyboard */; };
		AB1B8D3C2684F8C300B42FB5 /* SeguesTests.swift in Sources */ = {isa = PBXBuildFile; fileRef = AB1B8D3B2684F8C300B42FB5 /* SeguesTests.swift */; };
		AB1B8D472684F8C400B42FB5 /* SeguesUITests.swift in Sources */ = {isa = PBXBuildFile; fileRef = AB1B8D462684F8C400B42FB5 /* SeguesUITests.swift */; };
/* End PBXBuildFile section */

/* Begin PBXContainerItemProxy section */
		AB1B8D382684F8C300B42FB5 /* PBXContainerItemProxy */ = {
			isa = PBXContainerItemProxy;
			containerPortal = AB1B8D192684F8C200B42FB5 /* Project object */;
			proxyType = 1;
			remoteGlobalIDString = AB1B8D202684F8C200B42FB5;
			remoteInfo = Segues;
		};
		AB1B8D432684F8C400B42FB5 /* PBXContainerItemProxy */ = {
			isa = PBXContainerItemProxy;
			containerPortal = AB1B8D192684F8C200B42FB5 /* Project object */;
			proxyType = 1;
			remoteGlobalIDString = AB1B8D202684F8C200B42FB5;
			remoteInfo = Segues;
		};
/* End PBXContainerItemProxy section */

/* Begin PBXFileReference section */
		AB1B8D212684F8C200B42FB5 /* Segues.app */ = {isa = PBXFileReference; explicitFileType = wrapper.application; includeInIndex = 0; path = Segues.app; sourceTree = BUILT_PRODUCTS_DIR; };
		AB1B8D242684F8C200B42FB5 /* AppDelegate.swift */ = {isa = PBXFileReference; lastKnownFileType = sourcecode.swift; path = AppDelegate.swift; sourceTree = "<group>"; };
		AB1B8D262684F8C200B42FB5 /* SceneDelegate.swift */ = {isa = PBXFileReference; lastKnownFileType = sourcecode.swift; path = SceneDelegate.swift; sourceTree = "<group>"; };
		AB1B8D282684F8C200B42FB5 /* ViewController.swift */ = {isa = PBXFileReference; lastKnownFileType = sourcecode.swift; path = ViewController.swift; sourceTree = "<group>"; };
		AB1B8D2B2684F8C200B42FB5 /* Base */ = {isa = PBXFileReference; lastKnownFileType = file.storyboard; name = Base; path = Base.lproj/Main.storyboard; sourceTree = "<group>"; };
		AB1B8D2D2684F8C300B42FB5 /* Assets.xcassets */ = {isa = PBXFileReference; lastKnownFileType = folder.assetcatalog; path = Assets.xcassets; sourceTree = "<group>"; };
		AB1B8D302684F8C300B42FB5 /* Base */ = {isa = PBXFileReference; lastKnownFileType = file.storyboard; name = Base; path = Base.lproj/LaunchScreen.storyboard; sourceTree = "<group>"; };
		AB1B8D322684F8C300B42FB5 /* Info.plist */ = {isa = PBXFileReference; lastKnownFileType = text.plist.xml; path = Info.plist; sourceTree = "<group>"; };
		AB1B8D372684F8C300B42FB5 /* SeguesTests.xctest */ = {isa = PBXFileReference; explicitFileType = wrapper.cfbundle; includeInIndex = 0; path = SeguesTests.xctest; sourceTree = BUILT_PRODUCTS_DIR; };
		AB1B8D3B2684F8C300B42FB5 /* SeguesTests.swift */ = {isa = PBXFileReference; lastKnownFileType = sourcecode.swift; path = SeguesTests.swift; sourceTree = "<group>"; };
		AB1B8D3D2684F8C400B42FB5 /* Info.plist */ = {isa = PBXFileReference; lastKnownFileType = text.plist.xml; path = Info.plist; sourceTree = "<group>"; };
		AB1B8D422684F8C400B42FB5 /* SeguesUITests.xctest */ = {isa = PBXFileReference; explicitFileType = wrapper.cfbundle; includeInIndex = 0; path = SeguesUITests.xctest; sourceTree = BUILT_PRODUCTS_DIR; };
		AB1B8D462684F8C400B42FB5 /* SeguesUITests.swift */ = {isa = PBXFileReference; lastKnownFileType = sourcecode.swift; path = SeguesUITests.swift; sourceTree = "<group>"; };
		AB1B8D482684F8C400B42FB5 /* Info.plist */ = {isa = PBXFileReference; lastKnownFileType = text.plist.xml; path = Info.plist; sourceTree = "<group>"; };
/* End PBXFileReference section */

/* Begin PBXFrameworksBuildPhase section */
		AB1B8D1E2684F8C200B42FB5 /* Frameworks */ = {
			isa = PBXFrameworksBuildPhase;
			buildActionMask = 2147483647;
			files = (
			);
			runOnlyForDeploymentPostprocessing = 0;
		};
		AB1B8D342684F8C300B42FB5 /* Frameworks */ = {
			isa = PBXFrameworksBuildPhase;
			buildActionMask = 2147483647;
			files = (
			);
			runOnlyForDeploymentPostprocessing = 0;
		};
		AB1B8D3F2684F8C400B42FB5 /* Frameworks */ = {
			isa = PBXFrameworksBuildPhase;
			buildActionMask = 2147483647;
			files = (
			);
			runOnlyForDeploymentPostprocessing = 0;
		};
/* End PBXFrameworksBuildPhase section */

/* Begin PBXGroup section */
		AB1B8D182684F8C200B42FB5 = {
			isa = PBXGroup;
			children = (
				AB1B8D232684F8C200B42FB5 /* Segues */,
				AB1B8D3A2684F8C300B42FB5 /* SeguesTests */,
				AB1B8D452684F8C400B42FB5 /* SeguesUITests */,
				AB1B8D222684F8C200B42FB5 /* Products */,
			);
			sourceTree = "<group>";
		};
		AB1B8D222684F8C200B42FB5 /* Products */ = {
			isa = PBXGroup;
			children = (
				AB1B8D212684F8C200B42FB5 /* Segues.app */,
				AB1B8D372684F8C300B42FB5 /* SeguesTests.xctest */,
				AB1B8D422684F8C400B42FB5 /* SeguesUITests.xctest */,
			);
			name = Products;
			sourceTree = "<group>";
		};
		AB1B8D232684F8C200B42FB5 /* Segues */ = {
			isa = PBXGroup;
			children = (
				AB1B8D242684F8C200B42FB5 /* AppDelegate.swift */,
				AB1B8D262684F8C200B42FB5 /* SceneDelegate.swift */,
				AB1B8D282684F8C200B42FB5 /* ViewController.swift */,
				AB1B8D2A2684F8C200B42FB5 /* Main.storyboard */,
				AB1B8D2D2684F8C300B42FB5 /* Assets.xcassets */,
				AB1B8D2F2684F8C300B42FB5 /* LaunchScreen.storyboard */,
				AB1B8D322684F8C300B42FB5 /* Info.plist */,
			);
			path = Segues;
			sourceTree = "<group>";
		};
		AB1B8D3A2684F8C300B42FB5 /* SeguesTests */ = {
			isa = PBXGroup;
			children = (
				AB1B8D3B2684F8C300B42FB5 /* SeguesTests.swift */,
				AB1B8D3D2684F8C400B42FB5 /* Info.plist */,
			);
			path = SeguesTests;
			sourceTree = "<group>";
		};
		AB1B8D452684F8C400B42FB5 /* SeguesUITests */ = {
			isa = PBXGroup;
			children = (
				AB1B8D462684F8C400B42FB5 /* SeguesUITests.swift */,
				AB1B8D482684F8C400B42FB5 /* Info.plist */,
			);
			path = SeguesUITests;
			sourceTree = "<group>";
		};
/* End PBXGroup section */

/* Begin PBXNativeTarget section */
		AB1B8D202684F8C200B42FB5 /* Segues */ = {
			isa = PBXNativeTarget;
			buildConfigurationList = AB1B8D4B2684F8C400B42FB5 /* Build configuration list for PBXNativeTarget "Segues" */;
			buildPhases = (
				AB1B8D1D2684F8C200B42FB5 /* Sources */,
				AB1B8D1E2684F8C200B42FB5 /* Frameworks */,
				AB1B8D1F2684F8C200B42FB5 /* Resources */,
			);
			buildRules = (
			);
			dependencies = (
			);
			name = Segues;
			productName = Segues;
			productReference = AB1B8D212684F8C200B42FB5 /* Segues.app */;
			productType = "com.apple.product-type.application";
		};
		AB1B8D362684F8C300B42FB5 /* SeguesTests */ = {
			isa = PBXNativeTarget;
			buildConfigurationList = AB1B8D4E2684F8C400B42FB5 /* Build configuration list for PBXNativeTarget "SeguesTests" */;
			buildPhases = (
				AB1B8D332684F8C300B42FB5 /* Sources */,
				AB1B8D342684F8C300B42FB5 /* Frameworks */,
				AB1B8D352684F8C300B42FB5 /* Resources */,
			);
			buildRules = (
			);
			dependencies = (
				AB1B8D392684F8C300B42FB5 /* PBXTargetDependency */,
			);
			name = SeguesTests;
			productName = SeguesTests;
			productReference = AB1B8D372684F8C300B42FB5 /* SeguesTests.xctest */;
			productType = "com.apple.product-type.bundle.unit-test";
		};
		AB1B8D412684F8C400B42FB5 /* SeguesUITests */ = {
			isa = PBXNativeTarget;
			buildConfigurationList = AB1B8D512684F8C400B42FB5 /* Build configuration list for PBXNativeTarget "SeguesUITests" */;
			buildPhases = (
				AB1B8D3E2684F8C400B42FB5 /* Sources */,
				AB1B8D3F2684F8C400B42FB5 /* Frameworks */,
				AB1B8D402684F8C400B42FB5 /* Resources */,
			);
			buildRules = (
			);
			dependencies = (
				AB1B8D442684F8C400B42FB5 /* PBXTargetDependency */,
			);
			name = SeguesUITests;
			productName = SeguesUITests;
			productReference = AB1B8D422684F8C400B42FB5 /* SeguesUITests.xctest */;
			productType = "com.apple.product-type.bundle.ui-testing";
		};
/* End PBXNativeTarget section */

/* Begin PBXProject section */
		AB1B8D192684F8C200B42FB5 /* Project object */ = {
			isa = PBXProject;
			attributes = {
				LastSwiftUpdateCheck = 1250;
				LastUpgradeCheck = 1250;
				TargetAttributes = {
					AB1B8D202684F8C200B42FB5 = {
						CreatedOnToolsVersion = 12.5.1;
					};
					AB1B8D362684F8C300B42FB5 = {
						CreatedOnToolsVersion = 12.5.1;
						TestTargetID = AB1B8D202684F8C200B42FB5;
					};
					AB1B8D412684F8C400B42FB5 = {
						CreatedOnToolsVersion = 12.5.1;
						TestTargetID = AB1B8D202684F8C200B42FB5;
					};
				};
			};
			buildConfigurationList = AB1B8D1C2684F8C200B42FB5 /* Build configuration list for PBXProject "Segues" */;
			compatibilityVersion = "Xcode 9.3";
			developmentRegion = en;
			hasScannedForEncodings = 0;
			knownRegions = (
				en,
				Base,
			);
			mainGroup = AB1B8D182684F8C200B42FB5;
			productRefGroup = AB1B8D222684F8C200B42FB5 /* Products */;
			projectDirPath = "";
			projectRoot = "";
			targets = (
				AB1B8D202684F8C200B42FB5 /* Segues */,
				AB1B8D362684F8C300B42FB5 /* SeguesTests */,
				AB1B8D412684F8C400B42FB5 /* SeguesUITests */,
			);
		};
/* End PBXProject section */

/* Begin PBXResourcesBuildPhase section */
		AB1B8D1F2684F8C200B42FB5 /* Resources */ = {
			isa = PBXResourcesBuildPhase;
			buildActionMask = 2147483647;
			files = (
				AB1B8D312684F8C300B42FB5 /* LaunchScreen.storyboard in Resources */,
				AB1B8D2E2684F8C300B42FB5 /* Assets.xcassets in Resources */,
				AB1B8D2C2684F8C200B42FB5 /* Main.storyboard in Resources */,
			);
			runOnlyForDeploymentPostprocessing = 0;
		};
		AB1B8D352684F8C300B42FB5 /* Resources */ = {
			isa = PBXResourcesBuildPhase;
			buildActionMask = 2147483647;
			files = (
			);
			runOnlyForDeploymentPostprocessing = 0;
		};
		AB1B8D402684F8C400B42FB5 /* Resources */ = {
			isa = PBXResourcesBuildPhase;
			buildActionMask = 2147483647;
			files = (
			);
			runOnlyForDeploymentPostprocessing = 0;
		};
/* End PBXResourcesBuildPhase section */

/* Begin PBXSourcesBuildPhase section */
		AB1B8D1D2684F8C200B42FB5 /* Sources */ = {
			isa = PBXSourcesBuildPhase;
			buildActionMask = 2147483647;
			files = (
				AB1B8D292684F8C200B42FB5 /* ViewController.swift in Sources */,
				AB1B8D252684F8C200B42FB5 /* AppDelegate.swift in Sources */,
				AB1B8D272684F8C200B42FB5 /* SceneDelegate.swift in Sources */,
			);
			runOnlyForDeploymentPostprocessing = 0;
		};
		AB1B8D332684F8C300B42FB5 /* Sources */ = {
			isa = PBXSourcesBuildPhase;
			buildActionMask = 2147483647;
			files = (
				AB1B8D3C2684F8C300B42FB5 /* SeguesTests.swift in Sources */,
			);
			runOnlyForDeploymentPostprocessing = 0;
		};
		AB1B8D3E2684F8C400B42FB5 /* Sources */ = {
			isa = PBXSourcesBuildPhase;
			buildActionMask = 2147483647;
			files = (
				AB1B8D472684F8C400B42FB5 /* SeguesUITests.swift in Sources */,
			);
			runOnlyForDeploymentPostprocessing = 0;
		};
/* End PBXSourcesBuildPhase section */

/* Begin PBXTargetDependency section */
		AB1B8D392684F8C300B42FB5 /* PBXTargetDependency */ = {
			isa = PBXTargetDependency;
			target = AB1B8D202684F8C200B42FB5 /* Segues */;
			targetProxy = AB1B8D382684F8C300B42FB5 /* PBXContainerItemProxy */;
		};
		AB1B8D442684F8C400B42FB5 /* PBXTargetDependency */ = {
			isa = PBXTargetDependency;
			target = AB1B8D202684F8C200B42FB5 /* Segues */;
			targetProxy = AB1B8D432684F8C400B42FB5 /* PBXContainerItemProxy */;
		};
/* End PBXTargetDependency section */

/* Begin PBXVariantGroup section */
		AB1B8D2A2684F8C200B42FB5 /* Main.storyboard */ = {
			isa = PBXVariantGroup;
			children = (
				AB1B8D2B2684F8C200B42FB5 /* Base */,
			);
			name = Main.storyboard;
			sourceTree = "<group>";
		};
		AB1B8D2F2684F8C300B42FB5 /* LaunchScreen.storyboard */ = {
			isa = PBXVariantGroup;
			children = (
				AB1B8D302684F8C300B42FB5 /* Base */,
			);
			name = LaunchScreen.storyboard;
			sourceTree = "<group>";
		};
/* End PBXVariantGroup section */

/* Begin XCBuildConfiguration section */
		AB1B8D492684F8C400B42FB5 /* Debug */ = {
			isa = XCBuildConfiguration;
			buildSettings = {
				ALWAYS_SEARCH_USER_PATHS = NO;
				CLANG_ANALYZER_NONNULL = YES;
				CLANG_ANALYZER_NUMBER_OBJECT_CONVERSION = YES_AGGRESSIVE;
				CLANG_CXX_LANGUAGE_STANDARD = "gnu++14";
				CLANG_CXX_LIBRARY = "libc++";
				CLANG_ENABLE_MODULES = YES;
				CLANG_ENABLE_OBJC_ARC = YES;
				CLANG_ENABLE_OBJC_WEAK = YES;
				CLANG_WARN_BLOCK_CAPTURE_AUTORELEASING = YES;
				CLANG_WARN_BOOL_CONVERSION = YES;
				CLANG_WARN_COMMA = YES;
				CLANG_WARN_CONSTANT_CONVERSION = YES;
				CLANG_WARN_DEPRECATED_OBJC_IMPLEMENTATIONS = YES;
				CLANG_WARN_DIRECT_OBJC_ISA_USAGE = YES_ERROR;
				CLANG_WARN_DOCUMENTATION_COMMENTS = YES;
				CLANG_WARN_EMPTY_BODY = YES;
				CLANG_WARN_ENUM_CONVERSION = YES;
				CLANG_WARN_INFINITE_RECURSION = YES;
				CLANG_WARN_INT_CONVERSION = YES;
				CLANG_WARN_NON_LITERAL_NULL_CONVERSION = YES;
				CLANG_WARN_OBJC_IMPLICIT_RETAIN_SELF = YES;
				CLANG_WARN_OBJC_LITERAL_CONVERSION = YES;
				CLANG_WARN_OBJC_ROOT_CLASS = YES_ERROR;
				CLANG_WARN_QUOTED_INCLUDE_IN_FRAMEWORK_HEADER = YES;
				CLANG_WARN_RANGE_LOOP_ANALYSIS = YES;
				CLANG_WARN_STRICT_PROTOTYPES = YES;
				CLANG_WARN_SUSPICIOUS_MOVE = YES;
				CLANG_WARN_UNGUARDED_AVAILABILITY = YES_AGGRESSIVE;
				CLANG_WARN_UNREACHABLE_CODE = YES;
				CLANG_WARN__DUPLICATE_METHOD_MATCH = YES;
				COPY_PHASE_STRIP = NO;
				DEBUG_INFORMATION_FORMAT = dwarf;
				ENABLE_STRICT_OBJC_MSGSEND = YES;
				ENABLE_TESTABILITY = YES;
				GCC_C_LANGUAGE_STANDARD = gnu11;
				GCC_DYNAMIC_NO_PIC = NO;
				GCC_NO_COMMON_BLOCKS = YES;
				GCC_OPTIMIZATION_LEVEL = 0;
				GCC_PREPROCESSOR_DEFINITIONS = (
					"DEBUG=1",
					"$(inherited)",
				);
				GCC_WARN_64_TO_32_BIT_CONVERSION = YES;
				GCC_WARN_ABOUT_RETURN_TYPE = YES_ERROR;
				GCC_WARN_UNDECLARED_SELECTOR = YES;
				GCC_WARN_UNINITIALIZED_AUTOS = YES_AGGRESSIVE;
				GCC_WARN_UNUSED_FUNCTION = YES;
				GCC_WARN_UNUSED_VARIABLE = YES;
				IPHONEOS_DEPLOYMENT_TARGET = 14.5;
				MTL_ENABLE_DEBUG_INFO = INCLUDE_SOURCE;
				MTL_FAST_MATH = YES;
				ONLY_ACTIVE_ARCH = YES;
				SDKROOT = iphoneos;
				SWIFT_ACTIVE_COMPILATION_CONDITIONS = DEBUG;
				SWIFT_OPTIMIZATION_LEVEL = "-Onone";
			};
			name = Debug;
		};
		AB1B8D4A2684F8C400B42FB5 /* Release */ = {
			isa = XCBuildConfiguration;
			buildSettings = {
				ALWAYS_SEARCH_USER_PATHS = NO;
				CLANG_ANALYZER_NONNULL = YES;
				CLANG_ANALYZER_NUMBER_OBJECT_CONVERSION = YES_AGGRESSIVE;
				CLANG_CXX_LANGUAGE_STANDARD = "gnu++14";
				CLANG_CXX_LIBRARY = "libc++";
				CLANG_ENABLE_MODULES = YES;
				CLANG_ENABLE_OBJC_ARC = YES;
				CLANG_ENABLE_OBJC_WEAK = YES;
				CLANG_WARN_BLOCK_CAPTURE_AUTORELEASING = YES;
				CLANG_WARN_BOOL_CONVERSION = YES;
				CLANG_WARN_COMMA = YES;
				CLANG_WARN_CONSTANT_CONVERSION = YES;
				CLANG_WARN_DEPRECATED_OBJC_IMPLEMENTATIONS = YES;
				CLANG_WARN_DIRECT_OBJC_ISA_USAGE = YES_ERROR;
				CLANG_WARN_DOCUMENTATION_COMMENTS = YES;
				CLANG_WARN_EMPTY_BODY = YES;
				CLANG_WARN_ENUM_CONVERSION = YES;
				CLANG_WARN_INFINITE_RECURSION = YES;
				CLANG_WARN_INT_CONVERSION = YES;
				CLANG_WARN_NON_LITERAL_NULL_CONVERSION = YES;
				CLANG_WARN_OBJC_IMPLICIT_RETAIN_SELF = YES;
				CLANG_WARN_OBJC_LITERAL_CONVERSION = YES;
				CLANG_WARN_OBJC_ROOT_CLASS = YES_ERROR;
				CLANG_WARN_QUOTED_INCLUDE_IN_FRAMEWORK_HEADER = YES;
				CLANG_WARN_RANGE_LOOP_ANALYSIS = YES;
				CLANG_WARN_STRICT_PROTOTYPES = YES;
				CLANG_WARN_SUSPICIOUS_MOVE = YES;
				CLANG_WARN_UNGUARDED_AVAILABILITY = YES_AGGRESSIVE;
				CLANG_WARN_UNREACHABLE_CODE = YES;
				CLANG_WARN__DUPLICATE_METHOD_MATCH = YES;
				COPY_PHASE_STRIP = NO;
				DEBUG_INFORMATION_FORMAT = "dwarf-with-dsym";
				ENABLE_NS_ASSERTIONS = NO;
				ENABLE_STRICT_OBJC_MSGSEND = YES;
				GCC_C_LANGUAGE_STANDARD = gnu11;
				GCC_NO_COMMON_BLOCKS = YES;
				GCC_WARN_64_TO_32_BIT_CONVERSION = YES;
				GCC_WARN_ABOUT_RETURN_TYPE = YES_ERROR;
				GCC_WARN_UNDECLARED_SELECTOR = YES;
				GCC_WARN_UNINITIALIZED_AUTOS = YES_AGGRESSIVE;
				GCC_WARN_UNUSED_FUNCTION = YES;
				GCC_WARN_UNUSED_VARIABLE = YES;
				IPHONEOS_DEPLOYMENT_TARGET = 14.5;
				MTL_ENABLE_DEBUG_INFO = NO;
				MTL_FAST_MATH = YES;
				SDKROOT = iphoneos;
				SWIFT_COMPILATION_MODE = wholemodule;
				SWIFT_OPTIMIZATION_LEVEL = "-O";
				VALIDATE_PRODUCT = YES;
			};
			name = Release;
		};
		AB1B8D4C2684F8C400B42FB5 /* Debug */ = {
			isa = XCBuildConfiguration;
			buildSettings = {
				ASSETCATALOG_COMPILER_APPICON_NAME = AppIcon;
				ASSETCATALOG_COMPILER_GLOBAL_ACCENT_COLOR_NAME = AccentColor;
				CODE_SIGN_STYLE = Automatic;
				INFOPLIST_FILE = Segues/Info.plist;
				LD_RUNPATH_SEARCH_PATHS = (
					"$(inherited)",
					"@executable_path/Frameworks",
				);
				PRODUCT_BUNDLE_IDENTIFIER = "Caitlin-Ramiscal.Segues";
				PRODUCT_NAME = "$(TARGET_NAME)";
				SWIFT_VERSION = 5.0;
				TARGETED_DEVICE_FAMILY = "1,2";
			};
			name = Debug;
		};
		AB1B8D4D2684F8C400B42FB5 /* Release */ = {
			isa = XCBuildConfiguration;
			buildSettings = {
				ASSETCATALOG_COMPILER_APPICON_NAME = AppIcon;
				ASSETCATALOG_COMPILER_GLOBAL_ACCENT_COLOR_NAME = AccentColor;
				CODE_SIGN_STYLE = Automatic;
				INFOPLIST_FILE = Segues/Info.plist;
				LD_RUNPATH_SEARCH_PATHS = (
					"$(inherited)",
					"@executable_path/Frameworks",
				);
				PRODUCT_BUNDLE_IDENTIFIER = "Caitlin-Ramiscal.Segues";
				PRODUCT_NAME = "$(TARGET_NAME)";
				SWIFT_VERSION = 5.0;
				TARGETED_DEVICE_FAMILY = "1,2";
			};
			name = Release;
		};
		AB1B8D4F2684F8C400B42FB5 /* Debug */ = {
			isa = XCBuildConfiguration;
			buildSettings = {
				ALWAYS_EMBED_SWIFT_STANDARD_LIBRARIES = YES;
				BUNDLE_LOADER = "$(TEST_HOST)";
				CODE_SIGN_STYLE = Automatic;
				INFOPLIST_FILE = SeguesTests/Info.plist;
				IPHONEOS_DEPLOYMENT_TARGET = 14.5;
				LD_RUNPATH_SEARCH_PATHS = (
					"$(inherited)",
					"@executable_path/Frameworks",
					"@loader_path/Frameworks",
				);
				PRODUCT_BUNDLE_IDENTIFIER = "Caitlin-Ramiscal.SeguesTests";
				PRODUCT_NAME = "$(TARGET_NAME)";
				SWIFT_VERSION = 5.0;
				TARGETED_DEVICE_FAMILY = "1,2";
				TEST_HOST = "$(BUILT_PRODUCTS_DIR)/Segues.app/Segues";
			};
			name = Debug;
		};
		AB1B8D502684F8C400B42FB5 /* Release */ = {
			isa = XCBuildConfiguration;
			buildSettings = {
				ALWAYS_EMBED_SWIFT_STANDARD_LIBRARIES = YES;
				BUNDLE_LOADER = "$(TEST_HOST)";
				CODE_SIGN_STYLE = Automatic;
				INFOPLIST_FILE = SeguesTests/Info.plist;
				IPHONEOS_DEPLOYMENT_TARGET = 14.5;
				LD_RUNPATH_SEARCH_PATHS = (
					"$(inherited)",
					"@executable_path/Frameworks",
					"@loader_path/Frameworks",
				);
				PRODUCT_BUNDLE_IDENTIFIER = "Caitlin-Ramiscal.SeguesTests";
				PRODUCT_NAME = "$(TARGET_NAME)";
				SWIFT_VERSION = 5.0;
				TARGETED_DEVICE_FAMILY = "1,2";
				TEST_HOST = "$(BUILT_PRODUCTS_DIR)/Segues.app/Segues";
			};
			name = Release;
		};
		AB1B8D522684F8C400B42FB5 /* Debug */ = {
			isa = XCBuildConfiguration;
			buildSettings = {
				ALWAYS_EMBED_SWIFT_STANDARD_LIBRARIES = YES;
				CODE_SIGN_STYLE = Automatic;
				INFOPLIST_FILE = SeguesUITests/Info.plist;
				LD_RUNPATH_SEARCH_PATHS = (
					"$(inherited)",
					"@executable_path/Frameworks",
					"@loader_path/Frameworks",
				);
				PRODUCT_BUNDLE_IDENTIFIER = "Caitlin-Ramiscal.SeguesUITests";
				PRODUCT_NAME = "$(TARGET_NAME)";
				SWIFT_VERSION = 5.0;
				TARGETED_DEVICE_FAMILY = "1,2";
				TEST_TARGET_NAME = Segues;
			};
			name = Debug;
		};
		AB1B8D532684F8C400B42FB5 /* Release */ = {
			isa = XCBuildConfiguration;
			buildSettings = {
				ALWAYS_EMBED_SWIFT_STANDARD_LIBRARIES = YES;
				CODE_SIGN_STYLE = Automatic;
				INFOPLIST_FILE = SeguesUITests/Info.plist;
				LD_RUNPATH_SEARCH_PATHS = (
					"$(inherited)",
					"@executable_path/Frameworks",
					"@loader_path/Frameworks",
				);
				PRODUCT_BUNDLE_IDENTIFIER = "Caitlin-Ramiscal.SeguesUITests";
				PRODUCT_NAME = "$(TARGET_NAME)";
				SWIFT_VERSION = 5.0;
				TARGETED_DEVICE_FAMILY = "1,2";
				TEST_TARGET_NAME = Segues;
			};
			name = Release;
		};
/* End XCBuildConfiguration section */

/* Begin XCConfigurationList section */
		AB1B8D1C2684F8C200B42FB5 /* Build configuration list for PBXProject "Segues" */ = {
			isa = XCConfigurationList;
			buildConfigurations = (
				AB1B8D492684F8C400B42FB5 /* Debug */,
				AB1B8D4A2684F8C400B42FB5 /* Release */,
			);
			defaultConfigurationIsVisible = 0;
			defaultConfigurationName = Release;
		};
		AB1B8D4B2684F8C400B42FB5 /* Build configuration list for PBXNativeTarget "Segues" */ = {
			isa = XCConfigurationList;
			buildConfigurations = (
				AB1B8D4C2684F8C400B42FB5 /* Debug */,
				AB1B8D4D2684F8C400B42FB5 /* Release */,
			);
			defaultConfigurationIsVisible = 0;
			defaultConfigurationName = Release;
		};
		AB1B8D4E2684F8C400B42FB5 /* Build configuration list for PBXNativeTarget "SeguesTests" */ = {
			isa = XCConfigurationList;
			buildConfigurations = (
				AB1B8D4F2684F8C400B42FB5 /* Debug */,
				AB1B8D502684F8C400B42FB5 /* Release */,
			);
			defaultConfigurationIsVisible = 0;
			defaultConfigurationName = Release;
		};
		AB1B8D512684F8C400B42FB5 /* Build configuration list for PBXNativeTarget "SeguesUITests" */ = {
			isa = XCConfigurationList;
			buildConfigurations = (
				AB1B8D522684F8C400B42FB5 /* Debug */,
				AB1B8D532684F8C400B42FB5 /* Release */,
			);
			defaultConfigurationIsVisible = 0;
			defaultConfigurationName = Release;
		};
/* End XCConfigurationList section */
	};
	rootObject = AB1B8D192684F8C200B42FB5 /* Project object */;
}
